
Microsoft Visual Studio Solution File, Format Version 12.00
# Visual Studio Version 17
VisualStudioVersion = 17.0.31903.59
MinimumVisualStudioVersion = 10.0.40219.1
Project("{FAE04EC0-301F-11D3-BF4B-00C04F79EFBC}") = "NewTask", "NewTask\NewTask.csproj", "{8AE40F1B-FA91-43CB-A425-DC9BDB3FF475}"
EndProject
Project("{FAE04EC0-301F-11D3-BF4B-00C04F79EFBC}") = "Worker", "Worker\Worker.csproj", "{58C9B777-21FC-4F0B-B345-3665A8F75907}"
EndProject
Project("{FAE04EC0-301F-11D3-BF4B-00C04F79EFBC}") = "Contracts", "Contracts\Contracts.csproj", "{2B8B6D34-6649-43AB-9B2F-18568B91A15B}"
EndProject
Global
	GlobalSection(SolutionConfigurationPlatforms) = preSolution
		Debug|Any CPU = Debug|Any CPU
		Debug|x64 = Debug|x64
		Debug|x86 = Debug|x86
		Release|Any CPU = Release|Any CPU
		Release|x64 = Release|x64
		Release|x86 = Release|x86
	EndGlobalSection
	GlobalSection(ProjectConfigurationPlatforms) = postSolution
		{8AE40F1B-FA91-43CB-A425-DC9BDB3FF475}.Debug|Any CPU.ActiveCfg = Debug|Any CPU
		{8AE40F1B-FA91-43CB-A425-DC9BDB3FF475}.Debug|Any CPU.Build.0 = Debug|Any CPU
		{8AE40F1B-FA91-43CB-A425-DC9BDB3FF475}.Debug|x64.ActiveCfg = Debug|Any CPU
		{8AE40F1B-FA91-43CB-A425-DC9BDB3FF475}.Debug|x64.Build.0 = Debug|Any CPU
		{8AE40F1B-FA91-43CB-A425-DC9BDB3FF475}.Debug|x86.ActiveCfg = Debug|Any CPU
		{8AE40F1B-FA91-43CB-A425-DC9BDB3FF475}.Debug|x86.Build.0 = Debug|Any CPU
		{8AE40F1B-FA91-43CB-A425-DC9BDB3FF475}.Release|Any CPU.ActiveCfg = Release|Any CPU
		{8AE40F1B-FA91-43CB-A425-DC9BDB3FF475}.Release|Any CPU.Build.0 = Release|Any CPU
		{8AE40F1B-FA91-43CB-A425-DC9BDB3FF475}.Release|x64.ActiveCfg = Release|Any CPU
		{8AE40F1B-FA91-43CB-A425-DC9BDB3FF475}.Release|x64.Build.0 = Release|Any CPU
		{8AE40F1B-FA91-43CB-A425-DC9BDB3FF475}.Release|x86.ActiveCfg = Release|Any CPU
		{8AE40F1B-FA91-43CB-A425-DC9BDB3FF475}.Release|x86.Build.0 = Release|Any CPU
		{58C9B777-21FC-4F0B-B345-3665A8F75907}.Debug|Any CPU.ActiveCfg = Debug|Any CPU
		{58C9B777-21FC-4F0B-B345-3665A8F75907}.Debug|Any CPU.Build.0 = Debug|Any CPU
		{58C9B777-21FC-4F0B-B345-3665A8F75907}.Debug|x64.ActiveCfg = Debug|Any CPU
		{58C9B777-21FC-4F0B-B345-3665A8F75907}.Debug|x64.Build.0 = Debug|Any CPU
		{58C9B777-21FC-4F0B-B345-3665A8F75907}.Debug|x86.ActiveCfg = Debug|Any CPU
		{58C9B777-21FC-4F0B-B345-3665A8F75907}.Debug|x86.Build.0 = Debug|Any CPU
		{58C9B777-21FC-4F0B-B345-3665A8F75907}.Release|Any CPU.ActiveCfg = Release|Any CPU
		{58C9B777-21FC-4F0B-B345-3665A8F75907}.Release|Any CPU.Build.0 = Release|Any CPU
		{58C9B777-21FC-4F0B-B345-3665A8F75907}.Release|x64.ActiveCfg = Release|Any CPU
		{58C9B777-21FC-4F0B-B345-3665A8F75907}.Release|x64.Build.0 = Release|Any CPU
		{58C9B777-21FC-4F0B-B345-3665A8F75907}.Release|x86.ActiveCfg = Release|Any CPU
		{58C9B777-21FC-4F0B-B345-3665A8F75907}.Release|x86.Build.0 = Release|Any CPU
		{2B8B6D34-6649-43AB-9B2F-18568B91A15B}.Debug|Any CPU.ActiveCfg = Debug|Any CPU
		{2B8B6D34-6649-43AB-9B2F-18568B91A15B}.Debug|Any CPU.Build.0 = Debug|Any CPU
		{2B8B6D34-6649-43AB-9B2F-18568B91A15B}.Debug|x64.ActiveCfg = Debug|Any CPU
		{2B8B6D34-6649-43AB-9B2F-18568B91A15B}.Debug|x64.Build.0 = Debug|Any CPU
		{2B8B6D34-6649-43AB-9B2F-18568B91A15B}.Debug|x86.ActiveCfg = Debug|Any CPU
		{2B8B6D34-6649-43AB-9B2F-18568B91A15B}.Debug|x86.Build.0 = Debug|Any CPU
		{2B8B6D34-6649-43AB-9B2F-18568B91A15B}.Release|Any CPU.ActiveCfg = Release|Any CPU
		{2B8B6D34-6649-43AB-9B2F-18568B91A15B}.Release|Any CPU.Build.0 = Release|Any CPU
		{2B8B6D34-6649-43AB-9B2F-18568B91A15B}.Release|x64.ActiveCfg = Release|Any CPU
		{2B8B6D34-6649-43AB-9B2F-18568B91A15B}.Release|x64.Build.0 = Release|Any CPU
		{2B8B6D34-6649-43AB-9B2F-18568B91A15B}.Release|x86.ActiveCfg = Release|Any CPU
		{2B8B6D34-6649-43AB-9B2F-18568B91A15B}.Release|x86.Build.0 = Release|Any CPU
	EndGlobalSection
	GlobalSection(SolutionProperties) = preSolution
		HideSolutionNode = FALSE
	EndGlobalSection
EndGlobal
